# Generated by pub
# See http://pub.dartlang.org/doc/glossary.html#lockfile

{"packages":{"http":{"version":"0.4.7+1","source":"hosted","description":"http"},"unittest":{"version":"0.4.7+1","source":"hosted","description":"unittest"},"pathos":{"version":"0.4.7+1","source":"hosted","description":"pathos"},"meta":{"version":"0.4.7+1","source":"hosted","description":"meta"}}}
